
Microsoft Visual Studio Solution File, Format Version 12.00
# Visual Studio Version 17
VisualStudioVersion = 17.8.34330.188
MinimumVisualStudioVersion = 10.0.40219.1
Project("{9A19103F-16F7-4668-BE54-9A1E7A4F7556}") = "Sparky", "Sparky\Sparky.csproj", "{40F89432-32FE-498E-BAB4-DA382CD210BF}"
EndProject
Project("{9A19103F-16F7-4668-BE54-9A1E7A4F7556}") = "SparkyMSTests", "CalculatorMSTests\SparkyMSTests.csproj", "{B32403F1-0EC4-4587-AF47-248E253613A3}"
EndProject
Project("{9A19103F-16F7-4668-BE54-9A1E7A4F7556}") = "SparkyNUnitTest", "SparkyNUnitTest\SparkyNUnitTest.csproj", "{A8DA64AE-321D-464A-9AE4-60C1EFD26C66}"
EndProject
Project("{9A19103F-16F7-4668-BE54-9A1E7A4F7556}") = "SparkyXUnit", "SparkyXUnit\SparkyXUnit.csproj", "{D14B6219-A166-40C8-994D-3E0B3E2C114F}"
EndProject
Project("{2150E333-8FDC-42A3-9474-1A3956D46DE8}") = "Basic Foundation", "Basic Foundation", "{4BA50375-BE40-48DB-B005-AA60C524CB98}"
EndProject
Project("{2150E333-8FDC-42A3-9474-1A3956D46DE8}") = "BongoWeb", "BongoWeb", "{FF9DBFE9-34E9-4B78-B568-1A814880159F}"
EndProject
Project("{9A19103F-16F7-4668-BE54-9A1E7A4F7556}") = "Bongo.Core", "Bongo_InitialSetup (.NET 6)\Bongo.Core\Bongo.Core.csproj", "{20BFF698-7AEC-4203-8E76-AC24575327F4}"
EndProject
Project("{9A19103F-16F7-4668-BE54-9A1E7A4F7556}") = "Bongo.DataAccess", "Bongo_InitialSetup (.NET 6)\Bongo.DataAccess\Bongo.DataAccess.csproj", "{2CFC6871-88A5-4916-B3D6-18B3CAD31DAD}"
EndProject
Project("{9A19103F-16F7-4668-BE54-9A1E7A4F7556}") = "Bongo.Models", "Bongo_InitialSetup (.NET 6)\Bongo.Models\Bongo.Models.csproj", "{E3774947-A32C-4BAE-BE6A-9C847C131325}"
EndProject
Project("{9A19103F-16F7-4668-BE54-9A1E7A4F7556}") = "Bongo.Web", "Bongo_InitialSetup (.NET 6)\Bongo.Web\Bongo.Web.csproj", "{5B0536F1-FCE6-4733-8CDC-039229EEB4CC}"
EndProject
Project("{9A19103F-16F7-4668-BE54-9A1E7A4F7556}") = "Bongo.Models.Tests", "Bongo_InitialSetup (.NET 6)\Book.Mongo.Tests\Bongo.Models.Tests.csproj", "{2FE9609D-D64E-4AE6-900B-9ED88D4F54A1}"
EndProject
Project("{9A19103F-16F7-4668-BE54-9A1E7A4F7556}") = "Bongo.DataAccess.Tests", "Bongo_InitialSetup (.NET 6)\Bongo.DataAccess.Tests\Bongo.DataAccess.Tests.csproj", "{3135CCEC-F94F-4018-AE68-045889BB399C}"
EndProject
Project("{FAE04EC0-301F-11D3-BF4B-00C04F79EFBC}") = "Bongo.Core.Tests", "Bongo_InitialSetup (.NET 6)\Bongo.Core.Tests\Bongo.Core.Tests.csproj", "{C3C4AFCF-30A3-42EB-9D62-1D8956A60118}"
EndProject
Project("{FAE04EC0-301F-11D3-BF4B-00C04F79EFBC}") = "Bongo.Web.Tests", "Bongo_InitialSetup (.NET 6)\Bongo.Web.Tests\Bongo.Web.Tests.csproj", "{F0276D94-E0F7-44E4-94EE-B7E34B591222}"
EndProject
Global
	GlobalSection(SolutionConfigurationPlatforms) = preSolution
		Debug|Any CPU = Debug|Any CPU
		Release|Any CPU = Release|Any CPU
	EndGlobalSection
	GlobalSection(ProjectConfigurationPlatforms) = postSolution
		{40F89432-32FE-498E-BAB4-DA382CD210BF}.Debug|Any CPU.ActiveCfg = Debug|Any CPU
		{40F89432-32FE-498E-BAB4-DA382CD210BF}.Debug|Any CPU.Build.0 = Debug|Any CPU
		{40F89432-32FE-498E-BAB4-DA382CD210BF}.Release|Any CPU.ActiveCfg = Release|Any CPU
		{40F89432-32FE-498E-BAB4-DA382CD210BF}.Release|Any CPU.Build.0 = Release|Any CPU
		{B32403F1-0EC4-4587-AF47-248E253613A3}.Debug|Any CPU.ActiveCfg = Debug|Any CPU
		{B32403F1-0EC4-4587-AF47-248E253613A3}.Debug|Any CPU.Build.0 = Debug|Any CPU
		{B32403F1-0EC4-4587-AF47-248E253613A3}.Release|Any CPU.ActiveCfg = Release|Any CPU
		{B32403F1-0EC4-4587-AF47-248E253613A3}.Release|Any CPU.Build.0 = Release|Any CPU
		{A8DA64AE-321D-464A-9AE4-60C1EFD26C66}.Debug|Any CPU.ActiveCfg = Debug|Any CPU
		{A8DA64AE-321D-464A-9AE4-60C1EFD26C66}.Debug|Any CPU.Build.0 = Debug|Any CPU
		{A8DA64AE-321D-464A-9AE4-60C1EFD26C66}.Release|Any CPU.ActiveCfg = Release|Any CPU
		{A8DA64AE-321D-464A-9AE4-60C1EFD26C66}.Release|Any CPU.Build.0 = Release|Any CPU
		{D14B6219-A166-40C8-994D-3E0B3E2C114F}.Debug|Any CPU.ActiveCfg = Debug|Any CPU
		{D14B6219-A166-40C8-994D-3E0B3E2C114F}.Debug|Any CPU.Build.0 = Debug|Any CPU
		{D14B6219-A166-40C8-994D-3E0B3E2C114F}.Release|Any CPU.ActiveCfg = Release|Any CPU
		{D14B6219-A166-40C8-994D-3E0B3E2C114F}.Release|Any CPU.Build.0 = Release|Any CPU
		{20BFF698-7AEC-4203-8E76-AC24575327F4}.Debug|Any CPU.ActiveCfg = Debug|Any CPU
		{20BFF698-7AEC-4203-8E76-AC24575327F4}.Debug|Any CPU.Build.0 = Debug|Any CPU
		{20BFF698-7AEC-4203-8E76-AC24575327F4}.Release|Any CPU.ActiveCfg = Release|Any CPU
		{20BFF698-7AEC-4203-8E76-AC24575327F4}.Release|Any CPU.Build.0 = Release|Any CPU
		{2CFC6871-88A5-4916-B3D6-18B3CAD31DAD}.Debug|Any CPU.ActiveCfg = Debug|Any CPU
		{2CFC6871-88A5-4916-B3D6-18B3CAD31DAD}.Debug|Any CPU.Build.0 = Debug|Any CPU
		{2CFC6871-88A5-4916-B3D6-18B3CAD31DAD}.Release|Any CPU.ActiveCfg = Release|Any CPU
		{2CFC6871-88A5-4916-B3D6-18B3CAD31DAD}.Release|Any CPU.Build.0 = Release|Any CPU
		{E3774947-A32C-4BAE-BE6A-9C847C131325}.Debug|Any CPU.ActiveCfg = Debug|Any CPU
		{E3774947-A32C-4BAE-BE6A-9C847C131325}.Debug|Any CPU.Build.0 = Debug|Any CPU
		{E3774947-A32C-4BAE-BE6A-9C847C131325}.Release|Any CPU.ActiveCfg = Release|Any CPU
		{E3774947-A32C-4BAE-BE6A-9C847C131325}.Release|Any CPU.Build.0 = Release|Any CPU
		{5B0536F1-FCE6-4733-8CDC-039229EEB4CC}.Debug|Any CPU.ActiveCfg = Debug|Any CPU
		{5B0536F1-FCE6-4733-8CDC-039229EEB4CC}.Debug|Any CPU.Build.0 = Debug|Any CPU
		{5B0536F1-FCE6-4733-8CDC-039229EEB4CC}.Release|Any CPU.ActiveCfg = Release|Any CPU
		{5B0536F1-FCE6-4733-8CDC-039229EEB4CC}.Release|Any CPU.Build.0 = Release|Any CPU
		{2FE9609D-D64E-4AE6-900B-9ED88D4F54A1}.Debug|Any CPU.ActiveCfg = Debug|Any CPU
		{2FE9609D-D64E-4AE6-900B-9ED88D4F54A1}.Debug|Any CPU.Build.0 = Debug|Any CPU
		{2FE9609D-D64E-4AE6-900B-9ED88D4F54A1}.Release|Any CPU.ActiveCfg = Release|Any CPU
		{2FE9609D-D64E-4AE6-900B-9ED88D4F54A1}.Release|Any CPU.Build.0 = Release|Any CPU
		{3135CCEC-F94F-4018-AE68-045889BB399C}.Debug|Any CPU.ActiveCfg = Debug|Any CPU
		{3135CCEC-F94F-4018-AE68-045889BB399C}.Debug|Any CPU.Build.0 = Debug|Any CPU
		{3135CCEC-F94F-4018-AE68-045889BB399C}.Release|Any CPU.ActiveCfg = Release|Any CPU
		{3135CCEC-F94F-4018-AE68-045889BB399C}.Release|Any CPU.Build.0 = Release|Any CPU
		{C3C4AFCF-30A3-42EB-9D62-1D8956A60118}.Debug|Any CPU.ActiveCfg = Debug|Any CPU
		{C3C4AFCF-30A3-42EB-9D62-1D8956A60118}.Debug|Any CPU.Build.0 = Debug|Any CPU
		{C3C4AFCF-30A3-42EB-9D62-1D8956A60118}.Release|Any CPU.ActiveCfg = Release|Any CPU
		{C3C4AFCF-30A3-42EB-9D62-1D8956A60118}.Release|Any CPU.Build.0 = Release|Any CPU
		{F0276D94-E0F7-44E4-94EE-B7E34B591222}.Debug|Any CPU.ActiveCfg = Debug|Any CPU
		{F0276D94-E0F7-44E4-94EE-B7E34B591222}.Debug|Any CPU.Build.0 = Debug|Any CPU
		{F0276D94-E0F7-44E4-94EE-B7E34B591222}.Release|Any CPU.ActiveCfg = Release|Any CPU
		{F0276D94-E0F7-44E4-94EE-B7E34B591222}.Release|Any CPU.Build.0 = Release|Any CPU
	EndGlobalSection
	GlobalSection(SolutionProperties) = preSolution
		HideSolutionNode = FALSE
	EndGlobalSection
	GlobalSection(NestedProjects) = preSolution
		{40F89432-32FE-498E-BAB4-DA382CD210BF} = {4BA50375-BE40-48DB-B005-AA60C524CB98}
		{B32403F1-0EC4-4587-AF47-248E253613A3} = {4BA50375-BE40-48DB-B005-AA60C524CB98}
		{A8DA64AE-321D-464A-9AE4-60C1EFD26C66} = {4BA50375-BE40-48DB-B005-AA60C524CB98}
		{D14B6219-A166-40C8-994D-3E0B3E2C114F} = {4BA50375-BE40-48DB-B005-AA60C524CB98}
		{20BFF698-7AEC-4203-8E76-AC24575327F4} = {FF9DBFE9-34E9-4B78-B568-1A814880159F}
		{2CFC6871-88A5-4916-B3D6-18B3CAD31DAD} = {FF9DBFE9-34E9-4B78-B568-1A814880159F}
		{E3774947-A32C-4BAE-BE6A-9C847C131325} = {FF9DBFE9-34E9-4B78-B568-1A814880159F}
		{5B0536F1-FCE6-4733-8CDC-039229EEB4CC} = {FF9DBFE9-34E9-4B78-B568-1A814880159F}
		{2FE9609D-D64E-4AE6-900B-9ED88D4F54A1} = {FF9DBFE9-34E9-4B78-B568-1A814880159F}
		{3135CCEC-F94F-4018-AE68-045889BB399C} = {FF9DBFE9-34E9-4B78-B568-1A814880159F}
		{C3C4AFCF-30A3-42EB-9D62-1D8956A60118} = {FF9DBFE9-34E9-4B78-B568-1A814880159F}
		{F0276D94-E0F7-44E4-94EE-B7E34B591222} = {FF9DBFE9-34E9-4B78-B568-1A814880159F}
	EndGlobalSection
	GlobalSection(ExtensibilityGlobals) = postSolution
		SolutionGuid = {6CFB11C5-78C6-4052-9E91-360153752FC4}
	EndGlobalSection
EndGlobal
